
Microsoft Visual Studio Solution File, Format Version 12.00
# Visual Studio Version 16
VisualStudioVersion = 16.0.30503.244
MinimumVisualStudioVersion = 10.0.40219.1
Project("{8BC9CEB8-8B4A-11D0-8D11-00A0C91BC942}") = "ConsoleApplication1", "ConsoleApplication1\ConsoleApplication1.vcxproj", "{EEABBC55-1541-4A65-BC16-E8068A796D45}"
EndProject
Global
	GlobalSection(SolutionConfigurationPlatforms) = preSolution
		Debug|x64 = Debug|x64
		Debug|x86 = Debug|x86
		Release|x64 = Release|x64
		Release|x86 = Release|x86
	EndGlobalSection
	GlobalSection(ProjectConfigurationPlatforms) = postSolution
		{EEABBC55-1541-4A65-BC16-E8068A796D45}.Debug|x64.ActiveCfg = Debug|x64
		{EEABBC55-1541-4A65-BC16-E8068A796D45}.Debug|x64.Build.0 = Debug|x64
		{EEABBC55-1541-4A65-BC16-E8068A796D45}.Debug|x86.ActiveCfg = Debug|Win32
		{EEABBC55-1541-4A65-BC16-E8068A796D45}.Debug|x86.Build.0 = Debug|Win32
		{EEABBC55-1541-4A65-BC16-E8068A796D45}.Release|x64.ActiveCfg = Release|x64
		{EEABBC55-1541-4A65-BC16-E8068A796D45}.Release|x64.Build.0 = Release|x64
		{EEABBC55-1541-4A65-BC16-E8068A796D45}.Release|x86.ActiveCfg = Release|Win32
		{EEABBC55-1541-4A65-BC16-E8068A796D45}.Release|x86.Build.0 = Release|Win32
	EndGlobalSection
	GlobalSection(SolutionProperties) = preSolution
		HideSolutionNode = FALSE
	EndGlobalSection
	GlobalSection(ExtensibilityGlobals) = postSolution
		SolutionGuid = {CF45B8B4-AE6D-4130-980A-47F05085BA63}
	EndGlobalSection
EndGlobal
